// !$*UTF8*$!
{
	archiveVersion = 1;
	classes = {
	};
	objectVersion = 50;
	objects = {

/* Begin PBXBuildFile section */
		4C1EBC6B2263F3DD00817A5D /* Main.storyboard in Resources */ = {isa = PBXBuildFile; fileRef = 4C1EBC662263F3DD00817A5D /* Main.storyboard */; };
		4C1EBC6F2263F43000817A5D /* Constants.swift in Sources */ = {isa = PBXBuildFile; fileRef = 4C1EBC6E2263F43000817A5D /* Constants.swift */; };
		4C1EBC702263F43000817A5D /* Movie.swift in Sources */ = {isa = PBXBuildFile; fileRef = 4C1EBC6C2263F43000817A5D /* Movie.swift */; };
		4C1EBC712263F43000817A5D /* Wrapper.swift in Sources */ = {isa = PBXBuildFile; fileRef = 4C1EBC6D2263F43000817A5D /* Wrapper.swift */; };
		4C1EBC732263F44E00817A5D /* API.swift in Sources */ = {isa = PBXBuildFile; fileRef = 4C1EBC722263F44E00817A5D /* API.swift */; };
		4C1EBC752263F4CD00817A5D /* ParallaxCollectionViewLayout.swift in Sources */ = {isa = PBXBuildFile; fileRef = 4C1EBC742263F4CD00817A5D /* ParallaxCollectionViewLayout.swift */; };
		4C1EBC772263F6EA00817A5D /* MainVC.swift in Sources */ = {isa = PBXBuildFile; fileRef = 4C1EBC762263F6EA00817A5D /* MainVC.swift */; };
		4C1EBC792263FFC500817A5D /* MovieCell.swift in Sources */ = {isa = PBXBuildFile; fileRef = 4C1EBC782263FFC500817A5D /* MovieCell.swift */; };
		4C1EBCBF226416CC00817A5D /* DetailVC.swift in Sources */ = {isa = PBXBuildFile; fileRef = 4C1EBCBE226416CC00817A5D /* DetailVC.swift */; };
		4C5E616422642158000B38F7 /* API_KEY.swift in Sources */ = {isa = PBXBuildFile; fileRef = 4C5E616322642158000B38F7 /* API_KEY.swift */; };
		4C5E616622642173000B38F7 /* API_KEY.SAMPLE.swift in Sources */ = {isa = PBXBuildFile; fileRef = 4C5E616522642173000B38F7 /* API_KEY.SAMPLE.swift */; };
		4CBA66D02263CF35003C560D /* AppDelegate.swift in Sources */ = {isa = PBXBuildFile; fileRef = 4CBA66CF2263CF35003C560D /* AppDelegate.swift */; };
		4CBA66D72263CF36003C560D /* Assets.xcassets in Resources */ = {isa = PBXBuildFile; fileRef = 4CBA66D62263CF36003C560D /* Assets.xcassets */; };
		4CBA66DA2263CF36003C560D /* LaunchScreen.storyboard in Resources */ = {isa = PBXBuildFile; fileRef = 4CBA66D82263CF36003C560D /* LaunchScreen.storyboard */; };
/* End PBXBuildFile section */

/* Begin PBXFileReference section */
		4C1EBC662263F3DD00817A5D /* Main.storyboard */ = {isa = PBXFileReference; fileEncoding = 4; lastKnownFileType = file.storyboard; path = Main.storyboard; sourceTree = "<group>"; };
		4C1EBC6C2263F43000817A5D /* Movie.swift */ = {isa = PBXFileReference; lastKnownFileType = sourcecode.swift; path = Movie.swift; sourceTree = "<group>"; };
		4C1EBC6D2263F43000817A5D /* Wrapper.swift */ = {isa = PBXFileReference; lastKnownFileType = sourcecode.swift; path = Wrapper.swift; sourceTree = "<group>"; };
		4C1EBC6E2263F43000817A5D /* Constants.swift */ = {isa = PBXFileReference; lastKnownFileType = sourcecode.swift; path = Constants.swift; sourceTree = "<group>"; };
		4C1EBC722263F44E00817A5D /* API.swift */ = {isa = PBXFileReference; fileEncoding = 4; lastKnownFileType = sourcecode.swift; path = API.swift; sourceTree = "<group>"; };
		4C1EBC742263F4CD00817A5D /* ParallaxCollectionViewLayout.swift */ = {isa = PBXFileReference; lastKnownFileType = sourcecode.swift; path = ParallaxCollectionViewLayout.swift; sourceTree = "<group>"; };
		4C1EBC762263F6EA00817A5D /* MainVC.swift */ = {isa = PBXFileReference; lastKnownFileType = sourcecode.swift; path = MainVC.swift; sourceTree = "<group>"; };
		4C1EBC782263FFC500817A5D /* MovieCell.swift */ = {isa = PBXFileReference; lastKnownFileType = sourcecode.swift; path = MovieCell.swift; sourceTree = "<group>"; };
		4C1EBCBE226416CC00817A5D /* DetailVC.swift */ = {isa = PBXFileReference; lastKnownFileType = sourcecode.swift; path = DetailVC.swift; sourceTree = "<group>"; };
		4C5E616322642158000B38F7 /* API_KEY.swift */ = {isa = PBXFileReference; lastKnownFileType = sourcecode.swift; path = API_KEY.swift; sourceTree = "<group>"; };
		4C5E616522642173000B38F7 /* API_KEY.SAMPLE.swift */ = {isa = PBXFileReference; lastKnownFileType = sourcecode.swift; path = API_KEY.SAMPLE.swift; sourceTree = "<group>"; };
		4CBA66CC2263CF35003C560D /* UpcomingMovieDB.app */ = {isa = PBXFileReference; explicitFileType = wrapper.application; includeInIndex = 0; path = UpcomingMovieDB.app; sourceTree = BUILT_PRODUCTS_DIR; };
		4CBA66CF2263CF35003C560D /* AppDelegate.swift */ = {isa = PBXFileReference; lastKnownFileType = sourcecode.swift; path = AppDelegate.swift; sourceTree = "<group>"; };
		4CBA66D62263CF36003C560D /* Assets.xcassets */ = {isa = PBXFileReference; lastKnownFileType = folder.assetcatalog; path = Assets.xcassets; sourceTree = "<group>"; };
		4CBA66D92263CF36003C560D /* Base */ = {isa = PBXFileReference; lastKnownFileType = file.storyboard; name = Base; path = Base.lproj/LaunchScreen.storyboard; sourceTree = "<group>"; };
		4CBA66DB2263CF36003C560D /* Info.plist */ = {isa = PBXFileReference; lastKnownFileType = text.plist.xml; path = Info.plist; sourceTree = "<group>"; };
/* End PBXFileReference section */

/* Begin PBXFrameworksBuildPhase section */
		4CBA66C92263CF35003C560D /* Frameworks */ = {
			isa = PBXFrameworksBuildPhase;
			buildActionMask = 2147483647;
			files = (
			);
			runOnlyForDeploymentPostprocessing = 0;
		};
/* End PBXFrameworksBuildPhase section */

/* Begin PBXGroup section */
		4C1EBCC02264205600817A5D /* Controller */ = {
			isa = PBXGroup;
			children = (
				4C1EBCBE226416CC00817A5D /* DetailVC.swift */,
				4C1EBC762263F6EA00817A5D /* MainVC.swift */,
			);
			path = Controller;
			sourceTree = "<group>";
		};
		4C1EBCC12264206200817A5D /* Utilities */ = {
			isa = PBXGroup;
			children = (
				4C1EBC742263F4CD00817A5D /* ParallaxCollectionViewLayout.swift */,
				4C1EBC722263F44E00817A5D /* API.swift */,
				4C1EBC6D2263F43000817A5D /* Wrapper.swift */,
				4C1EBC6E2263F43000817A5D /* Constants.swift */,
				4C5E616322642158000B38F7 /* API_KEY.swift */,
				4C5E616522642173000B38F7 /* API_KEY.SAMPLE.swift */,
			);
			path = Utilities;
			sourceTree = "<group>";
		};
		4C1EBCC22264206D00817A5D /* Model */ = {
			isa = PBXGroup;
			children = (
				4C1EBC6C2263F43000817A5D /* Movie.swift */,
			);
			path = Model;
			sourceTree = "<group>";
		};
		4C1EBCC32264208000817A5D /* View */ = {
			isa = PBXGroup;
			children = (
				4C1EBC782263FFC500817A5D /* MovieCell.swift */,
			);
			path = View;
			sourceTree = "<group>";
		};
		4CBA66C32263CF35003C560D = {
			isa = PBXGroup;
			children = (
				4CBA66CE2263CF35003C560D /* UpcomingMovieDB */,
				4CBA66CD2263CF35003C560D /* Products */,
			);
			sourceTree = "<group>";
		};
		4CBA66CD2263CF35003C560D /* Products */ = {
			isa = PBXGroup;
			children = (
				4CBA66CC2263CF35003C560D /* UpcomingMovieDB.app */,
			);
			name = Products;
			sourceTree = "<group>";
		};
		4CBA66CE2263CF35003C560D /* UpcomingMovieDB */ = {
			isa = PBXGroup;
			children = (
				4C1EBCC32264208000817A5D /* View */,
				4C1EBCC22264206D00817A5D /* Model */,
				4C1EBCC12264206200817A5D /* Utilities */,
				4C1EBCC02264205600817A5D /* Controller */,
				4CBA66CF2263CF35003C560D /* AppDelegate.swift */,
				4CBA66D62263CF36003C560D /* Assets.xcassets */,
				4CBA66D82263CF36003C560D /* LaunchScreen.storyboard */,
				4CBA66DB2263CF36003C560D /* Info.plist */,
				4C1EBC662263F3DD00817A5D /* Main.storyboard */,
			);
			path = UpcomingMovieDB;
			sourceTree = "<group>";
		};
/* End PBXGroup section */

/* Begin PBXNativeTarget section */
		4CBA66CB2263CF35003C560D /* UpcomingMovieDB */ = {
			isa = PBXNativeTarget;
			buildConfigurationList = 4CBA66DE2263CF36003C560D /* Build configuration list for PBXNativeTarget "UpcomingMovieDB" */;
			buildPhases = (
				4CBA66C82263CF35003C560D /* Sources */,
				4CBA66C92263CF35003C560D /* Frameworks */,
				4CBA66CA2263CF35003C560D /* Resources */,
			);
			buildRules = (
			);
			dependencies = (
			);
			name = UpcomingMovieDB;
			productName = UpcomingMovieDB;
			productReference = 4CBA66CC2263CF35003C560D /* UpcomingMovieDB.app */;
			productType = "com.apple.product-type.application";
		};
/* End PBXNativeTarget section */

/* Begin PBXProject section */
		4CBA66C42263CF35003C560D /* Project object */ = {
			isa = PBXProject;
			attributes = {
				LastSwiftUpdateCheck = 1020;
				LastUpgradeCheck = 1020;
				ORGANIZATIONNAME = soadap;
				TargetAttributes = {
					4CBA66CB2263CF35003C560D = {
						CreatedOnToolsVersion = 10.2;
					};
				};
			};
			buildConfigurationList = 4CBA66C72263CF35003C560D /* Build configuration list for PBXProject "UpcomingMovieDB" */;
			compatibilityVersion = "Xcode 9.3";
			developmentRegion = en;
			hasScannedForEncodings = 0;
			knownRegions = (
				en,
				Base,
			);
			mainGroup = 4CBA66C32263CF35003C560D;
			productRefGroup = 4CBA66CD2263CF35003C560D /* Products */;
			projectDirPath = "";
			projectRoot = "";
			targets = (
				4CBA66CB2263CF35003C560D /* UpcomingMovieDB */,
			);
		};
/* End PBXProject section */

/* Begin PBXResourcesBuildPhase section */
		4CBA66CA2263CF35003C560D /* Resources */ = {
			isa = PBXResourcesBuildPhase;
			buildActionMask = 2147483647;
			files = (
				4C1EBC6B2263F3DD00817A5D /* Main.storyboard in Resources */,
				4CBA66DA2263CF36003C560D /* LaunchScreen.storyboard in Resources */,
				4CBA66D72263CF36003C560D /* Assets.xcassets in Resources */,
			);
			runOnlyForDeploymentPostprocessing = 0;
		};
/* End PBXResourcesBuildPhase section */

/* Begin PBXSourcesBuildPhase section */
		4CBA66C82263CF35003C560D /* Sources */ = {
			isa = PBXSourcesBuildPhase;
			buildActionMask = 2147483647;
			files = (
				4C1EBC752263F4CD00817A5D /* ParallaxCollectionViewLayout.swift in Sources */,
				4C1EBC792263FFC500817A5D /* MovieCell.swift in Sources */,
				4C1EBC712263F43000817A5D /* Wrapper.swift in Sources */,
				4CBA66D02263CF35003C560D /* AppDelegate.swift in Sources */,
				4C1EBC702263F43000817A5D /* Movie.swift in Sources */,
				4C1EBCBF226416CC00817A5D /* DetailVC.swift in Sources */,
				4C5E616422642158000B38F7 /* API_KEY.swift in Sources */,
				4C1EBC772263F6EA00817A5D /* MainVC.swift in Sources */,
				4C1EBC732263F44E00817A5D /* API.swift in Sources */,
				4C5E616622642173000B38F7 /* API_KEY.SAMPLE.swift in Sources */,
				4C1EBC6F2263F43000817A5D /* Constants.swift in Sources */,
			);
			runOnlyForDeploymentPostprocessing = 0;
		};
/* End PBXSourcesBuildPhase section */

/* Begin PBXVariantGroup section */
		4CBA66D82263CF36003C560D /* LaunchScreen.storyboard */ = {
			isa = PBXVariantGroup;
			children = (
				4CBA66D92263CF36003C560D /* Base */,
			);
			name = LaunchScreen.storyboard;
			sourceTree = "<group>";
		};
/* End PBXVariantGroup section */

/* Begin XCBuildConfiguration section */
		4CBA66DC2263CF36003C560D /* Debug */ = {
			isa = XCBuildConfiguration;
			buildSettings = {
				ALWAYS_SEARCH_USER_PATHS = NO;
				CLANG_ANALYZER_NONNULL = YES;
				CLANG_ANALYZER_NUMBER_OBJECT_CONVERSION = YES_AGGRESSIVE;
				CLANG_CXX_LANGUAGE_STANDARD = "gnu++14";
				CLANG_CXX_LIBRARY = "libc++";
				CLANG_ENABLE_MODULES = YES;
				CLANG_ENABLE_OBJC_ARC = YES;
				CLANG_ENABLE_OBJC_WEAK = YES;
				CLANG_WARN_BLOCK_CAPTURE_AUTORELEASING = YES;
				CLANG_WARN_BOOL_CONVERSION = YES;
				CLANG_WARN_COMMA = YES;
				CLANG_WARN_CONSTANT_CONVERSION = YES;
				CLANG_WARN_DEPRECATED_OBJC_IMPLEMENTATIONS = YES;
				CLANG_WARN_DIRECT_OBJC_ISA_USAGE = YES_ERROR;
				CLANG_WARN_DOCUMENTATION_COMMENTS = YES;
				CLANG_WARN_EMPTY_BODY = YES;
				CLANG_WARN_ENUM_CONVERSION = YES;
				CLANG_WARN_INFINITE_RECURSION = YES;
				CLANG_WARN_INT_CONVERSION = YES;
				CLANG_WARN_NON_LITERAL_NULL_CONVERSION = YES;
				CLANG_WARN_OBJC_IMPLICIT_RETAIN_SELF = YES;
				CLANG_WARN_OBJC_LITERAL_CONVERSION = YES;
				CLANG_WARN_OBJC_ROOT_CLASS = YES_ERROR;
				CLANG_WARN_RANGE_LOOP_ANALYSIS = YES;
				CLANG_WARN_STRICT_PROTOTYPES = YES;
				CLANG_WARN_SUSPICIOUS_MOVE = YES;
				CLANG_WARN_UNGUARDED_AVAILABILITY = YES_AGGRESSIVE;
				CLANG_WARN_UNREACHABLE_CODE = YES;
				CLANG_WARN__DUPLICATE_METHOD_MATCH = YES;
				CODE_SIGN_IDENTITY = "iPhone Developer";
				COPY_PHASE_STRIP = NO;
				DEBUG_INFORMATION_FORMAT = dwarf;
				ENABLE_STRICT_OBJC_MSGSEND = YES;
				ENABLE_TESTABILITY = YES;
				GCC_C_LANGUAGE_STANDARD = gnu11;
				GCC_DYNAMIC_NO_PIC = NO;
				GCC_NO_COMMON_BLOCKS = YES;
				GCC_OPTIMIZATION_LEVEL = 0;
				GCC_PREPROCESSOR_DEFINITIONS = (
					"DEBUG=1",
					"$(inherited)",
				);
				GCC_WARN_64_TO_32_BIT_CONVERSION = YES;
				GCC_WARN_ABOUT_RETURN_TYPE = YES_ERROR;
				GCC_WARN_UNDECLARED_SELECTOR = YES;
				GCC_WARN_UNINITIALIZED_AUTOS = YES_AGGRESSIVE;
				GCC_WARN_UNUSED_FUNCTION = YES;
				GCC_WARN_UNUSED_VARIABLE = YES;
				IPHONEOS_DEPLOYMENT_TARGET = 12.2;
				MTL_ENABLE_DEBUG_INFO = INCLUDE_SOURCE;
				MTL_FAST_MATH = YES;
				ONLY_ACTIVE_ARCH = YES;
				SDKROOT = iphoneos;
				SWIFT_ACTIVE_COMPILATION_CONDITIONS = DEBUG;
				SWIFT_OPTIMIZATION_LEVEL = "-Onone";
			};
			name = Debug;
		};
		4CBA66DD2263CF36003C560D /* Release */ = {
			isa = XCBuildConfiguration;
			buildSettings = {
				ALWAYS_SEARCH_USER_PATHS = NO;
				CLANG_ANALYZER_NONNULL = YES;
				CLANG_ANALYZER_NUMBER_OBJECT_CONVERSION = YES_AGGRESSIVE;
				CLANG_CXX_LANGUAGE_STANDARD = "gnu++14";
				CLANG_CXX_LIBRARY = "libc++";
				CLANG_ENABLE_MODULES = YES;
				CLANG_ENABLE_OBJC_ARC = YES;
				CLANG_ENABLE_OBJC_WEAK = YES;
				CLANG_WARN_BLOCK_CAPTURE_AUTORELEASING = YES;
				CLANG_WARN_BOOL_CONVERSION = YES;
				CLANG_WARN_COMMA = YES;
				CLANG_WARN_CONSTANT_CONVERSION = YES;
				CLANG_WARN_DEPRECATED_OBJC_IMPLEMENTATIONS = YES;
				CLANG_WARN_DIRECT_OBJC_ISA_USAGE = YES_ERROR;
				CLANG_WARN_DOCUMENTATION_COMMENTS = YES;
				CLANG_WARN_EMPTY_BODY = YES;
				CLANG_WARN_ENUM_CONVERSION = YES;
				CLANG_WARN_INFINITE_RECURSION = YES;
				CLANG_WARN_INT_CONVERSION = YES;
				CLANG_WARN_NON_LITERAL_NULL_CONVERSION = YES;
				CLANG_WARN_OBJC_IMPLICIT_RETAIN_SELF = YES;
				CLANG_WARN_OBJC_LITERAL_CONVERSION = YES;
				CLANG_WARN_OBJC_ROOT_CLASS = YES_ERROR;
				CLANG_WARN_RANGE_LOOP_ANALYSIS = YES;
				CLANG_WARN_STRICT_PROTOTYPES = YES;
				CLANG_WARN_SUSPICIOUS_MOVE = YES;
				CLANG_WARN_UNGUARDED_AVAILABILITY = YES_AGGRESSIVE;
				CLANG_WARN_UNREACHABLE_CODE = YES;
				CLANG_WARN__DUPLICATE_METHOD_MATCH = YES;
				CODE_SIGN_IDENTITY = "iPhone Developer";
				COPY_PHASE_STRIP = NO;
				DEBUG_INFORMATION_FORMAT = "dwarf-with-dsym";
				ENABLE_NS_ASSERTIONS = NO;
				ENABLE_STRICT_OBJC_MSGSEND = YES;
				GCC_C_LANGUAGE_STANDARD = gnu11;
				GCC_NO_COMMON_BLOCKS = YES;
				GCC_WARN_64_TO_32_BIT_CONVERSION = YES;
				GCC_WARN_ABOUT_RETURN_TYPE = YES_ERROR;
				GCC_WARN_UNDECLARED_SELECTOR = YES;
				GCC_WARN_UNINITIALIZED_AUTOS = YES_AGGRESSIVE;
				GCC_WARN_UNUSED_FUNCTION = YES;
				GCC_WARN_UNUSED_VARIABLE = YES;
				IPHONEOS_DEPLOYMENT_TARGET = 12.2;
				MTL_ENABLE_DEBUG_INFO = NO;
				MTL_FAST_MATH = YES;
				SDKROOT = iphoneos;
				SWIFT_COMPILATION_MODE = wholemodule;
				SWIFT_OPTIMIZATION_LEVEL = "-O";
				VALIDATE_PRODUCT = YES;
			};
			name = Release;
		};
		4CBA66DF2263CF36003C560D /* Debug */ = {
			isa = XCBuildConfiguration;
			buildSettings = {
				ASSETCATALOG_COMPILER_APPICON_NAME = AppIcon;
				CODE_SIGN_STYLE = Automatic;
				DEVELOPMENT_TEAM = 5J4KVTAQEM;
				INFOPLIST_FILE = UpcomingMovieDB/Info.plist;
				LD_RUNPATH_SEARCH_PATHS = (
					"$(inherited)",
					"@executable_path/Frameworks",
				);
				PRODUCT_BUNDLE_IDENTIFIER = soadap.inc.UpcomingMovieDB;
				PRODUCT_NAME = "$(TARGET_NAME)";
				SWIFT_VERSION = 5.0;
				TARGETED_DEVICE_FAMILY = "1,2";
			};
			name = Debug;
		};
		4CBA66E02263CF36003C560D /* Release */ = {
			isa = XCBuildConfiguration;
			buildSettings = {
				ASSETCATALOG_COMPILER_APPICON_NAME = AppIcon;
				CODE_SIGN_STYLE = Automatic;
				DEVELOPMENT_TEAM = 5J4KVTAQEM;
				INFOPLIST_FILE = UpcomingMovieDB/Info.plist;
				LD_RUNPATH_SEARCH_PATHS = (
					"$(inherited)",
					"@executable_path/Frameworks",
				);
				PRODUCT_BUNDLE_IDENTIFIER = soadap.inc.UpcomingMovieDB;
				PRODUCT_NAME = "$(TARGET_NAME)";
				SWIFT_VERSION = 5.0;
				TARGETED_DEVICE_FAMILY = "1,2";
			};
			name = Release;
		};
/* End XCBuildConfiguration section */

/* Begin XCConfigurationList section */
		4CBA66C72263CF35003C560D /* Build configuration list for PBXProject "UpcomingMovieDB" */ = {
			isa = XCConfigurationList;
			buildConfigurations = (
				4CBA66DC2263CF36003C560D /* Debug */,
				4CBA66DD2263CF36003C560D /* Release */,
			);
			defaultConfigurationIsVisible = 0;
			defaultConfigurationName = Release;
		};
		4CBA66DE2263CF36003C560D /* Build configuration list for PBXNativeTarget "UpcomingMovieDB" */ = {
			isa = XCConfigurationList;
			buildConfigurations = (
				4CBA66DF2263CF36003C560D /* Debug */,
				4CBA66E02263CF36003C560D /* Release */,
			);
			defaultConfigurationIsVisible = 0;
			defaultConfigurationName = Release;
		};
/* End XCConfigurationList section */
	};
	rootObject = 4CBA66C42263CF35003C560D /* Project object */;
}
